
Microsoft Visual Studio Solution File, Format Version 12.00
# Visual Studio Version 16
VisualStudioVersion = 16.0.30717.126
MinimumVisualStudioVersion = 10.0.40219.1
Project("{FAE04EC0-301F-11D3-BF4B-00C04F79EFBC}") = "JpegTranscoderDecoder", "JpegTranscoderDecoder\JpegTranscoderDecoder.csproj", "{8B6C23CE-E664-4425-AA00-DD677F3E3104}"
EndProject
Global
	GlobalSection(SolutionConfigurationPlatforms) = preSolution
		Debug|Any CPU = Debug|Any CPU
		Release|Any CPU = Release|Any CPU
	EndGlobalSection
	GlobalSection(ProjectConfigurationPlatforms) = postSolution
		{8B6C23CE-E664-4425-AA00-DD677F3E3104}.Debug|Any CPU.ActiveCfg = Debug|Any CPU
		{8B6C23CE-E664-4425-AA00-DD677F3E3104}.Debug|Any CPU.Build.0 = Debug|Any CPU
		{8B6C23CE-E664-4425-AA00-DD677F3E3104}.Release|Any CPU.ActiveCfg = Release|Any CPU
		{8B6C23CE-E664-4425-AA00-DD677F3E3104}.Release|Any CPU.Build.0 = Release|Any CPU
	EndGlobalSection
	GlobalSection(SolutionProperties) = preSolution
		HideSolutionNode = FALSE
	EndGlobalSection
	GlobalSection(ExtensibilityGlobals) = postSolution
		SolutionGuid = {A098279C-C660-46A0-938D-B2D38739DC36}
	EndGlobalSection
EndGlobal
